
Microsoft Visual Studio Solution File, Format Version 12.00
# Visual Studio Version 17
VisualStudioVersion = 17.11.35431.28
MinimumVisualStudioVersion = 10.0.40219.1
Project("{9A19103F-16F7-4668-BE54-9A1E7A4F7556}") = "DeepBrake", "DeepBrake.csproj", "{849286D3-0C7B-4CCE-B191-60D76C168B94}"
EndProject
Global
	GlobalSection(SolutionConfigurationPlatforms) = preSolution
		Debug|Any CPU = Debug|Any CPU
		Release|Any CPU = Release|Any CPU
	EndGlobalSection
	GlobalSection(ProjectConfigurationPlatforms) = postSolution
		{849286D3-0C7B-4CCE-B191-60D76C168B94}.Debug|Any CPU.ActiveCfg = Debug|Any CPU
		{849286D3-0C7B-4CCE-B191-60D76C168B94}.Debug|Any CPU.Build.0 = Debug|Any CPU
		{849286D3-0C7B-4CCE-B191-60D76C168B94}.Release|Any CPU.ActiveCfg = Release|Any CPU
		{849286D3-0C7B-4CCE-B191-60D76C168B94}.Release|Any CPU.Build.0 = Release|Any CPU
	EndGlobalSection
	GlobalSection(SolutionProperties) = preSolution
		HideSolutionNode = FALSE
	EndGlobalSection
	GlobalSection(ExtensibilityGlobals) = postSolution
		SolutionGuid = {6BC9F35D-DBE5-4CE8-A755-DAD163DCD0C8}
	EndGlobalSection
EndGlobal
